
Microsoft Visual Studio Solution File, Format Version 12.00
# Visual Studio Version 16
VisualStudioVersion = 16.0.32126.315
MinimumVisualStudioVersion = 10.0.40219.1
Project("{FAE04EC0-301F-11D3-BF4B-00C04F79EFBC}") = "BlazorSideMenuMinimize2", "BlazorSideMenuMinimize2.csproj", "{BB97C913-D2B6-4E73-9E11-07375C913A53}"
EndProject
Global
	GlobalSection(SolutionConfigurationPlatforms) = preSolution
		Debug|Any CPU = Debug|Any CPU
		Release|Any CPU = Release|Any CPU
	EndGlobalSection
	GlobalSection(ProjectConfigurationPlatforms) = postSolution
		{BB97C913-D2B6-4E73-9E11-07375C913A53}.Debug|Any CPU.ActiveCfg = Debug|Any CPU
		{BB97C913-D2B6-4E73-9E11-07375C913A53}.Debug|Any CPU.Build.0 = Debug|Any CPU
		{BB97C913-D2B6-4E73-9E11-07375C913A53}.Release|Any CPU.ActiveCfg = Release|Any CPU
		{BB97C913-D2B6-4E73-9E11-07375C913A53}.Release|Any CPU.Build.0 = Release|Any CPU
	EndGlobalSection
	GlobalSection(SolutionProperties) = preSolution
		HideSolutionNode = FALSE
	EndGlobalSection
	GlobalSection(ExtensibilityGlobals) = postSolution
		SolutionGuid = {9C31B0D6-CB13-4698-A941-9691B9288D58}
	EndGlobalSection
EndGlobal
